
Microsoft Visual Studio Solution File, Format Version 12.00
# Visual Studio 15
VisualStudioVersion = 15.0.28307.1800
MinimumVisualStudioVersion = 10.0.40219.1
Project("{FAE04EC0-301F-11D3-BF4B-00C04F79EFBC}") = "WebApplication3", "WebApplication3\WebApplication3.csproj", "{319FDF7F-826D-477B-8633-27193C14E673}"
EndProject
Global
	GlobalSection(SolutionConfigurationPlatforms) = preSolution
		Debug|Any CPU = Debug|Any CPU
		Release|Any CPU = Release|Any CPU
	EndGlobalSection
	GlobalSection(ProjectConfigurationPlatforms) = postSolution
		{319FDF7F-826D-477B-8633-27193C14E673}.Debug|Any CPU.ActiveCfg = Debug|Any CPU
		{319FDF7F-826D-477B-8633-27193C14E673}.Debug|Any CPU.Build.0 = Debug|Any CPU
		{319FDF7F-826D-477B-8633-27193C14E673}.Release|Any CPU.ActiveCfg = Release|Any CPU
		{319FDF7F-826D-477B-8633-27193C14E673}.Release|Any CPU.Build.0 = Release|Any CPU
	EndGlobalSection
	GlobalSection(SolutionProperties) = preSolution
		HideSolutionNode = FALSE
	EndGlobalSection
	GlobalSection(ExtensibilityGlobals) = postSolution
		SolutionGuid = {26BBE751-B6BE-44C9-8D7F-D8FDEAA585F0}
	EndGlobalSection
EndGlobal
